
Microsoft Visual Studio Solution File, Format Version 12.00
# Visual Studio Version 16
VisualStudioVersion = 16.0.30225.117
MinimumVisualStudioVersion = 10.0.40219.1
Project("{FAE04EC0-301F-11D3-BF4B-00C04F79EFBC}") = "PediosEvertec", "PediosEvertec.csproj", "{771DF89A-2625-4958-B700-23C3C67D9E03}"
EndProject
Project("{FAE04EC0-301F-11D3-BF4B-00C04F79EFBC}") = "PediosEvertec.Tests", "..\PediosEvertec.Tests\PediosEvertec.Tests.csproj", "{5494CA44-8E50-4063-BB9B-4919B14F9B21}"
EndProject
Global
	GlobalSection(SolutionConfigurationPlatforms) = preSolution
		Debug|Any CPU = Debug|Any CPU
		Release|Any CPU = Release|Any CPU
	EndGlobalSection
	GlobalSection(ProjectConfigurationPlatforms) = postSolution
		{771DF89A-2625-4958-B700-23C3C67D9E03}.Debug|Any CPU.ActiveCfg = Debug|Any CPU
		{771DF89A-2625-4958-B700-23C3C67D9E03}.Debug|Any CPU.Build.0 = Debug|Any CPU
		{771DF89A-2625-4958-B700-23C3C67D9E03}.Release|Any CPU.ActiveCfg = Release|Any CPU
		{771DF89A-2625-4958-B700-23C3C67D9E03}.Release|Any CPU.Build.0 = Release|Any CPU
		{5494CA44-8E50-4063-BB9B-4919B14F9B21}.Debug|Any CPU.ActiveCfg = Debug|Any CPU
		{5494CA44-8E50-4063-BB9B-4919B14F9B21}.Debug|Any CPU.Build.0 = Debug|Any CPU
		{5494CA44-8E50-4063-BB9B-4919B14F9B21}.Release|Any CPU.ActiveCfg = Release|Any CPU
		{5494CA44-8E50-4063-BB9B-4919B14F9B21}.Release|Any CPU.Build.0 = Release|Any CPU
	EndGlobalSection
	GlobalSection(SolutionProperties) = preSolution
		HideSolutionNode = FALSE
	EndGlobalSection
	GlobalSection(ExtensibilityGlobals) = postSolution
		SolutionGuid = {65C796CC-82DE-4D4A-925D-CB3F13478912}
	EndGlobalSection
EndGlobal
